
Microsoft Visual Studio Solution File, Format Version 12.00
# Visual Studio Version 16
VisualStudioVersion = 16.0.29905.134
MinimumVisualStudioVersion = 10.0.40219.1
Project("{FAE04EC0-301F-11D3-BF4B-00C04F79EFBC}") = "SyntacticSugar", "SyntacticSugar\SyntacticSugar.csproj", "{6A6793A3-8690-4B29-BBDF-48B13F1FBFB2}"
EndProject
Global
	GlobalSection(SolutionConfigurationPlatforms) = preSolution
		Debug|Any CPU = Debug|Any CPU
		Release|Any CPU = Release|Any CPU
	EndGlobalSection
	GlobalSection(ProjectConfigurationPlatforms) = postSolution
		{6A6793A3-8690-4B29-BBDF-48B13F1FBFB2}.Debug|Any CPU.ActiveCfg = Debug|Any CPU
		{6A6793A3-8690-4B29-BBDF-48B13F1FBFB2}.Debug|Any CPU.Build.0 = Debug|Any CPU
		{6A6793A3-8690-4B29-BBDF-48B13F1FBFB2}.Release|Any CPU.ActiveCfg = Release|Any CPU
		{6A6793A3-8690-4B29-BBDF-48B13F1FBFB2}.Release|Any CPU.Build.0 = Release|Any CPU
	EndGlobalSection
	GlobalSection(SolutionProperties) = preSolution
		HideSolutionNode = FALSE
	EndGlobalSection
	GlobalSection(ExtensibilityGlobals) = postSolution
		SolutionGuid = {57276793-FA1E-45FC-AEC7-26BFFD860AF1}
	EndGlobalSection
EndGlobal
